
Microsoft Visual Studio Solution File, Format Version 12.00
# Visual Studio Version 16
VisualStudioVersion = 16.0.30114.105
MinimumVisualStudioVersion = 10.0.40219.1
Project("{2150E333-8FDC-42A3-9474-1A3956D46DE8}") = "Services", "Services", "{9212AE57-C274-43BB-B3C8-68C45BE5D480}"
EndProject
Project("{2150E333-8FDC-42A3-9474-1A3956D46DE8}") = "Orders", "Orders", "{80206D47-6D02-4D58-8296-AFB0301F9642}"
EndProject
Project("{2150E333-8FDC-42A3-9474-1A3956D46DE8}") = "Products", "Products", "{067C109C-D421-4A52-871D-34293F247F77}"
EndProject
Project("{2150E333-8FDC-42A3-9474-1A3956D46DE8}") = "Customers", "Customers", "{5D94585E-C810-4620-A46D-1C14CD05641C}"
EndProject
Project("{FAE04EC0-301F-11D3-BF4B-00C04F79EFBC}") = "Orders.Domain", "Services\Orders\Orders.Domain\Orders.Domain.csproj", "{A9D0F55C-2954-463C-AB25-F8389D748A94}"
EndProject
Project("{FAE04EC0-301F-11D3-BF4B-00C04F79EFBC}") = "Core", "MicroserviceDemo.Core\Core.csproj", "{49C22FD6-2D29-4063-8574-F5B2E4CB7BBB}"
EndProject
Project("{FAE04EC0-301F-11D3-BF4B-00C04F79EFBC}") = "Orders.API", "Services\Orders\Orders.API\Orders.API.csproj", "{63402D51-F3BC-4BB3-8704-CB65F8AC0194}"
EndProject
Project("{FAE04EC0-301F-11D3-BF4B-00C04F79EFBC}") = "Orders.Data", "Services\Orders\Orders.Data\Orders.Data.csproj", "{5925258B-C0A5-4756-9230-BC90F9C41477}"
EndProject
Project("{FAE04EC0-301F-11D3-BF4B-00C04F79EFBC}") = "Orders.Application", "Services\Orders\Orders.Application\Orders.Application.csproj", "{85905851-6BC6-406F-BCBD-C715B2CCC231}"
EndProject
Project("{FAE04EC0-301F-11D3-BF4B-00C04F79EFBC}") = "Customers.Data", "Services\Customers\Customers.Data\Customers.Data.csproj", "{8B16B3D3-BC7F-4AF2-8002-FE1E3CE2F048}"
EndProject
Project("{FAE04EC0-301F-11D3-BF4B-00C04F79EFBC}") = "Customers.Application", "Services\Customers\Customers.Application\Customers.Application.csproj", "{4BB9416D-6AB7-4A3A-952C-54E53925D844}"
EndProject
Project("{FAE04EC0-301F-11D3-BF4B-00C04F79EFBC}") = "Customers.API", "Services\Customers\Customers.API\Customers.API.csproj", "{5FFCB660-E234-47DD-A9DA-1191C3528F8B}"
EndProject
Project("{FAE04EC0-301F-11D3-BF4B-00C04F79EFBC}") = "Customers.Domain", "Services\Customers\Customers.Domain\Customers.Domain.csproj", "{D907B17B-FB21-469F-A5E9-5FC194995DBE}"
EndProject
Project("{FAE04EC0-301F-11D3-BF4B-00C04F79EFBC}") = "Customers.MessageRelay", "Services\Customers\Customers.MessageRelay\Customers.MessageRelay.csproj", "{42EC1E9A-976D-4A03-A789-74D60B30E755}"
EndProject
Project("{FAE04EC0-301F-11D3-BF4B-00C04F79EFBC}") = "Orders.EventListener", "Services\Orders\Orders.EventListener\Orders.EventListener.csproj", "{C95C711B-EB4A-4F20-88FC-C188F8B2026F}"
EndProject
Project("{FAE04EC0-301F-11D3-BF4B-00C04F79EFBC}") = "Products.Domain", "Services\Products\Products.Domain\Products.Domain.csproj", "{9FA1AC7E-95AE-4B51-8BB8-A35F8AF1EB76}"
EndProject
Project("{FAE04EC0-301F-11D3-BF4B-00C04F79EFBC}") = "Products.Data", "Services\Products\Products.Data\Products.Data.csproj", "{6594A325-34DC-4FC9-8179-E5D5ED5D53DC}"
EndProject
Project("{FAE04EC0-301F-11D3-BF4B-00C04F79EFBC}") = "Products.Application", "Services\Products\Products.Application\Products.Application.csproj", "{92A436B8-CA76-4211-9AEA-068A90616020}"
EndProject
Project("{FAE04EC0-301F-11D3-BF4B-00C04F79EFBC}") = "Products.API", "Services\Products\Products.API\Products.API.csproj", "{B8A11F03-FBC2-4FA4-A98D-060FD4DBAAF3}"
EndProject
Project("{FAE04EC0-301F-11D3-BF4B-00C04F79EFBC}") = "Products.MessageRelay", "Services\Products\Products.MessageRelay\Products.MessageRelay.csproj", "{EE2F6714-3DA7-4586-B51C-D03B7B6263DC}"
EndProject
Project("{FAE04EC0-301F-11D3-BF4B-00C04F79EFBC}") = "Customers.EventListener", "Services\Customers\Customers.EventListener\Customers.EventListener.csproj", "{FB525534-B047-4ACC-A5A1-966FC6C7C52F}"
EndProject
Project("{2150E333-8FDC-42A3-9474-1A3956D46DE8}") = "Tests", "Tests", "{32840385-F34F-427B-834F-3F6E8F854AB1}"
EndProject
Project("{FAE04EC0-301F-11D3-BF4B-00C04F79EFBC}") = "Orders.Domain.Test", "Services\Orders\Tests\Orders.Domain.Test\Orders.Domain.Test.csproj", "{DED73887-5C43-4FA8-B48B-FB5C99C0188B}"
EndProject
Project("{FAE04EC0-301F-11D3-BF4B-00C04F79EFBC}") = "Customers.Domain.Test", "Services\Customers\Tests\Customers.Domain.Test\Customers.Domain.Test.csproj", "{D3C01288-13F1-47E6-A307-14D979D28059}"
EndProject
Project("{FAE04EC0-301F-11D3-BF4B-00C04F79EFBC}") = "Products.Domain.Test", "Services\Products\Tests\Products.Domain.Test\Products.Domain.Test.csproj", "{7A8D3B75-862E-49C8-A4F7-8C76B96275A2}"
EndProject
Project("{FAE04EC0-301F-11D3-BF4B-00C04F79EFBC}") = "Orders.MessageRelay", "Services\Orders\Orders.MessageRelay\Orders.MessageRelay.csproj", "{C67CE89E-00B1-4B40-B9C7-A20532275CAE}"
EndProject
Global
	GlobalSection(SolutionConfigurationPlatforms) = preSolution
		Debug|Any CPU = Debug|Any CPU
		Release|Any CPU = Release|Any CPU
	EndGlobalSection
	GlobalSection(SolutionProperties) = preSolution
		HideSolutionNode = FALSE
	EndGlobalSection
	GlobalSection(ProjectConfigurationPlatforms) = postSolution
		{A9D0F55C-2954-463C-AB25-F8389D748A94}.Debug|Any CPU.ActiveCfg = Debug|Any CPU
		{A9D0F55C-2954-463C-AB25-F8389D748A94}.Debug|Any CPU.Build.0 = Debug|Any CPU
		{A9D0F55C-2954-463C-AB25-F8389D748A94}.Release|Any CPU.ActiveCfg = Release|Any CPU
		{A9D0F55C-2954-463C-AB25-F8389D748A94}.Release|Any CPU.Build.0 = Release|Any CPU
		{49C22FD6-2D29-4063-8574-F5B2E4CB7BBB}.Debug|Any CPU.ActiveCfg = Debug|Any CPU
		{49C22FD6-2D29-4063-8574-F5B2E4CB7BBB}.Debug|Any CPU.Build.0 = Debug|Any CPU
		{49C22FD6-2D29-4063-8574-F5B2E4CB7BBB}.Release|Any CPU.ActiveCfg = Release|Any CPU
		{49C22FD6-2D29-4063-8574-F5B2E4CB7BBB}.Release|Any CPU.Build.0 = Release|Any CPU
		{63402D51-F3BC-4BB3-8704-CB65F8AC0194}.Debug|Any CPU.ActiveCfg = Debug|Any CPU
		{63402D51-F3BC-4BB3-8704-CB65F8AC0194}.Debug|Any CPU.Build.0 = Debug|Any CPU
		{63402D51-F3BC-4BB3-8704-CB65F8AC0194}.Release|Any CPU.ActiveCfg = Release|Any CPU
		{63402D51-F3BC-4BB3-8704-CB65F8AC0194}.Release|Any CPU.Build.0 = Release|Any CPU
		{5925258B-C0A5-4756-9230-BC90F9C41477}.Debug|Any CPU.ActiveCfg = Debug|Any CPU
		{5925258B-C0A5-4756-9230-BC90F9C41477}.Debug|Any CPU.Build.0 = Debug|Any CPU
		{5925258B-C0A5-4756-9230-BC90F9C41477}.Release|Any CPU.ActiveCfg = Release|Any CPU
		{5925258B-C0A5-4756-9230-BC90F9C41477}.Release|Any CPU.Build.0 = Release|Any CPU
		{85905851-6BC6-406F-BCBD-C715B2CCC231}.Debug|Any CPU.ActiveCfg = Debug|Any CPU
		{85905851-6BC6-406F-BCBD-C715B2CCC231}.Debug|Any CPU.Build.0 = Debug|Any CPU
		{85905851-6BC6-406F-BCBD-C715B2CCC231}.Release|Any CPU.ActiveCfg = Release|Any CPU
		{85905851-6BC6-406F-BCBD-C715B2CCC231}.Release|Any CPU.Build.0 = Release|Any CPU
		{8B16B3D3-BC7F-4AF2-8002-FE1E3CE2F048}.Debug|Any CPU.ActiveCfg = Debug|Any CPU
		{8B16B3D3-BC7F-4AF2-8002-FE1E3CE2F048}.Debug|Any CPU.Build.0 = Debug|Any CPU
		{8B16B3D3-BC7F-4AF2-8002-FE1E3CE2F048}.Release|Any CPU.ActiveCfg = Release|Any CPU
		{8B16B3D3-BC7F-4AF2-8002-FE1E3CE2F048}.Release|Any CPU.Build.0 = Release|Any CPU
		{4BB9416D-6AB7-4A3A-952C-54E53925D844}.Debug|Any CPU.ActiveCfg = Debug|Any CPU
		{4BB9416D-6AB7-4A3A-952C-54E53925D844}.Debug|Any CPU.Build.0 = Debug|Any CPU
		{4BB9416D-6AB7-4A3A-952C-54E53925D844}.Release|Any CPU.ActiveCfg = Release|Any CPU
		{4BB9416D-6AB7-4A3A-952C-54E53925D844}.Release|Any CPU.Build.0 = Release|Any CPU
		{5FFCB660-E234-47DD-A9DA-1191C3528F8B}.Debug|Any CPU.ActiveCfg = Debug|Any CPU
		{5FFCB660-E234-47DD-A9DA-1191C3528F8B}.Debug|Any CPU.Build.0 = Debug|Any CPU
		{5FFCB660-E234-47DD-A9DA-1191C3528F8B}.Release|Any CPU.ActiveCfg = Release|Any CPU
		{5FFCB660-E234-47DD-A9DA-1191C3528F8B}.Release|Any CPU.Build.0 = Release|Any CPU
		{D907B17B-FB21-469F-A5E9-5FC194995DBE}.Debug|Any CPU.ActiveCfg = Debug|Any CPU
		{D907B17B-FB21-469F-A5E9-5FC194995DBE}.Debug|Any CPU.Build.0 = Debug|Any CPU
		{D907B17B-FB21-469F-A5E9-5FC194995DBE}.Release|Any CPU.ActiveCfg = Release|Any CPU
		{D907B17B-FB21-469F-A5E9-5FC194995DBE}.Release|Any CPU.Build.0 = Release|Any CPU
		{42EC1E9A-976D-4A03-A789-74D60B30E755}.Debug|Any CPU.ActiveCfg = Debug|Any CPU
		{42EC1E9A-976D-4A03-A789-74D60B30E755}.Debug|Any CPU.Build.0 = Debug|Any CPU
		{42EC1E9A-976D-4A03-A789-74D60B30E755}.Release|Any CPU.ActiveCfg = Release|Any CPU
		{42EC1E9A-976D-4A03-A789-74D60B30E755}.Release|Any CPU.Build.0 = Release|Any CPU
		{C95C711B-EB4A-4F20-88FC-C188F8B2026F}.Debug|Any CPU.ActiveCfg = Debug|Any CPU
		{C95C711B-EB4A-4F20-88FC-C188F8B2026F}.Debug|Any CPU.Build.0 = Debug|Any CPU
		{C95C711B-EB4A-4F20-88FC-C188F8B2026F}.Release|Any CPU.ActiveCfg = Release|Any CPU
		{C95C711B-EB4A-4F20-88FC-C188F8B2026F}.Release|Any CPU.Build.0 = Release|Any CPU
		{9FA1AC7E-95AE-4B51-8BB8-A35F8AF1EB76}.Debug|Any CPU.ActiveCfg = Debug|Any CPU
		{9FA1AC7E-95AE-4B51-8BB8-A35F8AF1EB76}.Debug|Any CPU.Build.0 = Debug|Any CPU
		{9FA1AC7E-95AE-4B51-8BB8-A35F8AF1EB76}.Release|Any CPU.ActiveCfg = Release|Any CPU
		{9FA1AC7E-95AE-4B51-8BB8-A35F8AF1EB76}.Release|Any CPU.Build.0 = Release|Any CPU
		{6594A325-34DC-4FC9-8179-E5D5ED5D53DC}.Debug|Any CPU.ActiveCfg = Debug|Any CPU
		{6594A325-34DC-4FC9-8179-E5D5ED5D53DC}.Debug|Any CPU.Build.0 = Debug|Any CPU
		{6594A325-34DC-4FC9-8179-E5D5ED5D53DC}.Release|Any CPU.ActiveCfg = Release|Any CPU
		{6594A325-34DC-4FC9-8179-E5D5ED5D53DC}.Release|Any CPU.Build.0 = Release|Any CPU
		{92A436B8-CA76-4211-9AEA-068A90616020}.Debug|Any CPU.ActiveCfg = Debug|Any CPU
		{92A436B8-CA76-4211-9AEA-068A90616020}.Debug|Any CPU.Build.0 = Debug|Any CPU
		{92A436B8-CA76-4211-9AEA-068A90616020}.Release|Any CPU.ActiveCfg = Release|Any CPU
		{92A436B8-CA76-4211-9AEA-068A90616020}.Release|Any CPU.Build.0 = Release|Any CPU
		{B8A11F03-FBC2-4FA4-A98D-060FD4DBAAF3}.Debug|Any CPU.ActiveCfg = Debug|Any CPU
		{B8A11F03-FBC2-4FA4-A98D-060FD4DBAAF3}.Debug|Any CPU.Build.0 = Debug|Any CPU
		{B8A11F03-FBC2-4FA4-A98D-060FD4DBAAF3}.Release|Any CPU.ActiveCfg = Release|Any CPU
		{B8A11F03-FBC2-4FA4-A98D-060FD4DBAAF3}.Release|Any CPU.Build.0 = Release|Any CPU
		{EE2F6714-3DA7-4586-B51C-D03B7B6263DC}.Debug|Any CPU.ActiveCfg = Debug|Any CPU
		{EE2F6714-3DA7-4586-B51C-D03B7B6263DC}.Debug|Any CPU.Build.0 = Debug|Any CPU
		{EE2F6714-3DA7-4586-B51C-D03B7B6263DC}.Release|Any CPU.ActiveCfg = Release|Any CPU
		{EE2F6714-3DA7-4586-B51C-D03B7B6263DC}.Release|Any CPU.Build.0 = Release|Any CPU
		{FB525534-B047-4ACC-A5A1-966FC6C7C52F}.Debug|Any CPU.ActiveCfg = Debug|Any CPU
		{FB525534-B047-4ACC-A5A1-966FC6C7C52F}.Debug|Any CPU.Build.0 = Debug|Any CPU
		{FB525534-B047-4ACC-A5A1-966FC6C7C52F}.Release|Any CPU.ActiveCfg = Release|Any CPU
		{FB525534-B047-4ACC-A5A1-966FC6C7C52F}.Release|Any CPU.Build.0 = Release|Any CPU
		{DED73887-5C43-4FA8-B48B-FB5C99C0188B}.Debug|Any CPU.ActiveCfg = Debug|Any CPU
		{DED73887-5C43-4FA8-B48B-FB5C99C0188B}.Debug|Any CPU.Build.0 = Debug|Any CPU
		{DED73887-5C43-4FA8-B48B-FB5C99C0188B}.Release|Any CPU.ActiveCfg = Release|Any CPU
		{DED73887-5C43-4FA8-B48B-FB5C99C0188B}.Release|Any CPU.Build.0 = Release|Any CPU
		{D3C01288-13F1-47E6-A307-14D979D28059}.Debug|Any CPU.ActiveCfg = Debug|Any CPU
		{D3C01288-13F1-47E6-A307-14D979D28059}.Debug|Any CPU.Build.0 = Debug|Any CPU
		{D3C01288-13F1-47E6-A307-14D979D28059}.Release|Any CPU.ActiveCfg = Release|Any CPU
		{D3C01288-13F1-47E6-A307-14D979D28059}.Release|Any CPU.Build.0 = Release|Any CPU
		{7A8D3B75-862E-49C8-A4F7-8C76B96275A2}.Debug|Any CPU.ActiveCfg = Debug|Any CPU
		{7A8D3B75-862E-49C8-A4F7-8C76B96275A2}.Debug|Any CPU.Build.0 = Debug|Any CPU
		{7A8D3B75-862E-49C8-A4F7-8C76B96275A2}.Release|Any CPU.ActiveCfg = Release|Any CPU
		{7A8D3B75-862E-49C8-A4F7-8C76B96275A2}.Release|Any CPU.Build.0 = Release|Any CPU
		{C67CE89E-00B1-4B40-B9C7-A20532275CAE}.Debug|Any CPU.ActiveCfg = Debug|Any CPU
		{C67CE89E-00B1-4B40-B9C7-A20532275CAE}.Debug|Any CPU.Build.0 = Debug|Any CPU
		{C67CE89E-00B1-4B40-B9C7-A20532275CAE}.Release|Any CPU.ActiveCfg = Release|Any CPU
		{C67CE89E-00B1-4B40-B9C7-A20532275CAE}.Release|Any CPU.Build.0 = Release|Any CPU
	EndGlobalSection
	GlobalSection(NestedProjects) = preSolution
		{80206D47-6D02-4D58-8296-AFB0301F9642} = {9212AE57-C274-43BB-B3C8-68C45BE5D480}
		{067C109C-D421-4A52-871D-34293F247F77} = {9212AE57-C274-43BB-B3C8-68C45BE5D480}
		{5D94585E-C810-4620-A46D-1C14CD05641C} = {9212AE57-C274-43BB-B3C8-68C45BE5D480}
		{A9D0F55C-2954-463C-AB25-F8389D748A94} = {80206D47-6D02-4D58-8296-AFB0301F9642}
		{63402D51-F3BC-4BB3-8704-CB65F8AC0194} = {80206D47-6D02-4D58-8296-AFB0301F9642}
		{5925258B-C0A5-4756-9230-BC90F9C41477} = {80206D47-6D02-4D58-8296-AFB0301F9642}
		{85905851-6BC6-406F-BCBD-C715B2CCC231} = {80206D47-6D02-4D58-8296-AFB0301F9642}
		{8B16B3D3-BC7F-4AF2-8002-FE1E3CE2F048} = {5D94585E-C810-4620-A46D-1C14CD05641C}
		{4BB9416D-6AB7-4A3A-952C-54E53925D844} = {5D94585E-C810-4620-A46D-1C14CD05641C}
		{5FFCB660-E234-47DD-A9DA-1191C3528F8B} = {5D94585E-C810-4620-A46D-1C14CD05641C}
		{D907B17B-FB21-469F-A5E9-5FC194995DBE} = {5D94585E-C810-4620-A46D-1C14CD05641C}
		{42EC1E9A-976D-4A03-A789-74D60B30E755} = {5D94585E-C810-4620-A46D-1C14CD05641C}
		{C95C711B-EB4A-4F20-88FC-C188F8B2026F} = {80206D47-6D02-4D58-8296-AFB0301F9642}
		{9FA1AC7E-95AE-4B51-8BB8-A35F8AF1EB76} = {067C109C-D421-4A52-871D-34293F247F77}
		{6594A325-34DC-4FC9-8179-E5D5ED5D53DC} = {067C109C-D421-4A52-871D-34293F247F77}
		{92A436B8-CA76-4211-9AEA-068A90616020} = {067C109C-D421-4A52-871D-34293F247F77}
		{B8A11F03-FBC2-4FA4-A98D-060FD4DBAAF3} = {067C109C-D421-4A52-871D-34293F247F77}
		{EE2F6714-3DA7-4586-B51C-D03B7B6263DC} = {067C109C-D421-4A52-871D-34293F247F77}
		{FB525534-B047-4ACC-A5A1-966FC6C7C52F} = {5D94585E-C810-4620-A46D-1C14CD05641C}
		{DED73887-5C43-4FA8-B48B-FB5C99C0188B} = {32840385-F34F-427B-834F-3F6E8F854AB1}
		{D3C01288-13F1-47E6-A307-14D979D28059} = {32840385-F34F-427B-834F-3F6E8F854AB1}
		{7A8D3B75-862E-49C8-A4F7-8C76B96275A2} = {32840385-F34F-427B-834F-3F6E8F854AB1}
		{C67CE89E-00B1-4B40-B9C7-A20532275CAE} = {80206D47-6D02-4D58-8296-AFB0301F9642}
	EndGlobalSection
EndGlobal
